
Microsoft Visual Studio Solution File, Format Version 12.00
# Visual Studio Version 17
VisualStudioVersion = 17.8.34408.163
MinimumVisualStudioVersion = 10.0.40219.1
Project("{FAE04EC0-301F-11D3-BF4B-00C04F79EFBC}") = "otusHW1", "otusHW1.csproj", "{5A08218A-5D18-495B-A1CE-6CC7E8C37074}"
EndProject
Global
	GlobalSection(SolutionConfigurationPlatforms) = preSolution
		Debug|Any CPU = Debug|Any CPU
		Release|Any CPU = Release|Any CPU
	EndGlobalSection
	GlobalSection(ProjectConfigurationPlatforms) = postSolution
		{5A08218A-5D18-495B-A1CE-6CC7E8C37074}.Debug|Any CPU.ActiveCfg = Debug|Any CPU
		{5A08218A-5D18-495B-A1CE-6CC7E8C37074}.Debug|Any CPU.Build.0 = Debug|Any CPU
		{5A08218A-5D18-495B-A1CE-6CC7E8C37074}.Release|Any CPU.ActiveCfg = Release|Any CPU
		{5A08218A-5D18-495B-A1CE-6CC7E8C37074}.Release|Any CPU.Build.0 = Release|Any CPU
	EndGlobalSection
	GlobalSection(SolutionProperties) = preSolution
		HideSolutionNode = FALSE
	EndGlobalSection
	GlobalSection(ExtensibilityGlobals) = postSolution
		SolutionGuid = {39CEA31E-F057-4FA7-B32D-0B6B2D1A079A}
	EndGlobalSection
EndGlobal
